# This file is @generated by PDM.
# It is not intended for manual editing.

[metadata]
groups = ["default"]
strategy = ["cross_platform", "inherit_metadata"]
lock_version = "4.4.1"
content_hash = "sha256:2ed767de9e5d4cf80afafa26ef0d6e8eece20405305e3d454d21adba422513eb"

[[package]]
name = "filelock"
version = "3.13.1"
requires_python = ">=3.8"
summary = "A platform independent file lock."
groups = ["default"]
files = [
    {file = "filelock-3.13.1-py3-none-any.whl", hash = "sha256:57dbda9b35157b05fb3e58ee91448612eb674172fab98ee235ccb0b5bee19a1c"},
    {file = "filelock-3.13.1.tar.gz", hash = "sha256:521f5f56c50f8426f5e03ad3b281b490a87ef15bc6c526f168290f0c7148d44e"},
]

[[package]]
name = "fsspec"
version = "2024.3.1"
requires_python = ">=3.8"
summary = "File-system specification"
groups = ["default"]
files = [
    {file = "fsspec-2024.3.1-py3-none-any.whl", hash = "sha256:918d18d41bf73f0e2b261824baeb1b124bcf771767e3a26425cd7dec3332f512"},
    {file = "fsspec-2024.3.1.tar.gz", hash = "sha256:f39780e282d7d117ffb42bb96992f8a90795e4d0fb0f661a70ca39fe9c43ded9"},
]

[[package]]
name = "jinja2"
version = "3.1.3"
requires_python = ">=3.7"
summary = "A very fast and expressive template engine."
groups = ["default"]
dependencies = [
    "MarkupSafe>=2.0",
]
files = [
    {file = "Jinja2-3.1.3-py3-none-any.whl", hash = "sha256:7d6d50dd97d52cbc355597bd845fabfbac3f551e1f99619e39a35ce8c370b5fa"},
    {file = "Jinja2-3.1.3.tar.gz", hash = "sha256:ac8bd6544d4bb2c9792bf3a159e80bba8fda7f07e81bc3aed565432d5925ba90"},
]

[[package]]
name = "markupsafe"
version = "2.1.5"
requires_python = ">=3.7"
summary = "Safely add untrusted strings to HTML/XML markup."
groups = ["default"]
files = [
    {file = "MarkupSafe-2.1.5-cp310-cp310-macosx_10_9_universal2.whl", hash = "sha256:a17a92de5231666cfbe003f0e4b9b3a7ae3afb1ec2845aadc2bacc93ff85febc"},
    {file = "MarkupSafe-2.1.5-cp310-cp310-macosx_10_9_x86_64.whl", hash = "sha256:72b6be590cc35924b02c78ef34b467da4ba07e4e0f0454a2c5907f473fc50ce5"},
    {file = "MarkupSafe-2.1.5-cp310-cp310-manylinux_2_17_aarch64.manylinux2014_aarch64.whl", hash = "sha256:e61659ba32cf2cf1481e575d0462554625196a1f2fc06a1c777d3f48e8865d46"},
    {file = "MarkupSafe-2.1.5-cp310-cp310-manylinux_2_17_x86_64.manylinux2014_x86_64.whl", hash = "sha256:2174c595a0d73a3080ca3257b40096db99799265e1c27cc5a610743acd86d62f"},
    {file = "MarkupSafe-2.1.5-cp310-cp310-manylinux_2_5_i686.manylinux1_i686.manylinux_2_17_i686.manylinux2014_i686.whl", hash = "sha256:ae2ad8ae6ebee9d2d94b17fb62763125f3f374c25618198f40cbb8b525411900"},
    {file = "MarkupSafe-2.1.5-cp310-cp310-musllinux_1_1_aarch64.whl", hash = "sha256:075202fa5b72c86ad32dc7d0b56024ebdbcf2048c0ba09f1cde31bfdd57bcfff"},
    {file = "MarkupSafe-2.1.5-cp310-cp310-musllinux_1_1_i686.whl", hash = "sha256:598e3276b64aff0e7b3451b72e94fa3c238d452e7ddcd893c3ab324717456bad"},
    {file = "MarkupSafe-2.1.5-cp310-cp310-musllinux_1_1_x86_64.whl", hash = "sha256:fce659a462a1be54d2ffcacea5e3ba2d74daa74f30f5f143fe0c58636e355fdd"},
    {file = "MarkupSafe-2.1.5-cp310-cp310-win32.whl", hash = "sha256:d9fad5155d72433c921b782e58892377c44bd6252b5af2f67f16b194987338a4"},
    {file = "MarkupSafe-2.1.5-cp310-cp310-win_amd64.whl", hash = "sha256:bf50cd79a75d181c9181df03572cdce0fbb75cc353bc350712073108cba98de5"},
    {file = "MarkupSafe-2.1.5-cp311-cp311-macosx_10_9_universal2.whl", hash = "sha256:629ddd2ca402ae6dbedfceeba9c46d5f7b2a61d9749597d4307f943ef198fc1f"},
    {file = "MarkupSafe-2.1.5-cp311-cp311-macosx_10_9_x86_64.whl", hash = "sha256:5b7b716f97b52c5a14bffdf688f971b2d5ef4029127f1ad7a513973cfd818df2"},
    {file = "MarkupSafe-2.1.5-cp311-cp311-manylinux_2_17_aarch64.manylinux2014_aarch64.whl", hash = "sha256:6ec585f69cec0aa07d945b20805be741395e28ac1627333b1c5b0105962ffced"},
    {file = "MarkupSafe-2.1.5-cp311-cp311-manylinux_2_17_x86_64.manylinux2014_x86_64.whl", hash = "sha256:b91c037585eba9095565a3556f611e3cbfaa42ca1e865f7b8015fe5c7336d5a5"},
    {file = "MarkupSafe-2.1.5-cp311-cp311-manylinux_2_5_i686.manylinux1_i686.manylinux_2_17_i686.manylinux2014_i686.whl", hash = "sha256:7502934a33b54030eaf1194c21c692a534196063db72176b0c4028e140f8f32c"},
    {file = "MarkupSafe-2.1.5-cp311-cp311-musllinux_1_1_aarch64.whl", hash = "sha256:0e397ac966fdf721b2c528cf028494e86172b4feba51d65f81ffd65c63798f3f"},
    {file = "MarkupSafe-2.1.5-cp311-cp311-musllinux_1_1_i686.whl", hash = "sha256:c061bb86a71b42465156a3ee7bd58c8c2ceacdbeb95d05a99893e08b8467359a"},
    {file = "MarkupSafe-2.1.5-cp311-cp311-musllinux_1_1_x86_64.whl", hash = "sha256:3a57fdd7ce31c7ff06cdfbf31dafa96cc533c21e443d57f5b1ecc6cdc668ec7f"},
    {file = "MarkupSafe-2.1.5-cp311-cp311-win32.whl", hash = "sha256:397081c1a0bfb5124355710fe79478cdbeb39626492b15d399526ae53422b906"},
    {file = "MarkupSafe-2.1.5-cp311-cp311-win_amd64.whl", hash = "sha256:2b7c57a4dfc4f16f7142221afe5ba4e093e09e728ca65c51f5620c9aaeb9a617"},
    {file = "MarkupSafe-2.1.5-cp312-cp312-macosx_10_9_universal2.whl", hash = "sha256:8dec4936e9c3100156f8a2dc89c4b88d5c435175ff03413b443469c7c8c5f4d1"},
    {file = "MarkupSafe-2.1.5-cp312-cp312-macosx_10_9_x86_64.whl", hash = "sha256:3c6b973f22eb18a789b1460b4b91bf04ae3f0c4234a0a6aa6b0a92f6f7b951d4"},
    {file = "MarkupSafe-2.1.5-cp312-cp312-manylinux_2_17_aarch64.manylinux2014_aarch64.whl", hash = "sha256:ac07bad82163452a6884fe8fa0963fb98c2346ba78d779ec06bd7a6262132aee"},
    {file = "MarkupSafe-2.1.5-cp312-cp312-manylinux_2_17_x86_64.manylinux2014_x86_64.whl", hash = "sha256:f5dfb42c4604dddc8e4305050aa6deb084540643ed5804d7455b5df8fe16f5e5"},
    {file = "MarkupSafe-2.1.5-cp312-cp312-manylinux_2_5_i686.manylinux1_i686.manylinux_2_17_i686.manylinux2014_i686.whl", hash = "sha256:ea3d8a3d18833cf4304cd2fc9cbb1efe188ca9b5efef2bdac7adc20594a0e46b"},
    {file = "MarkupSafe-2.1.5-cp312-cp312-musllinux_1_1_aarch64.whl", hash = "sha256:d050b3361367a06d752db6ead6e7edeb0009be66bc3bae0ee9d97fb326badc2a"},
    {file = "MarkupSafe-2.1.5-cp312-cp312-musllinux_1_1_i686.whl", hash = "sha256:bec0a414d016ac1a18862a519e54b2fd0fc8bbfd6890376898a6c0891dd82e9f"},
    {file = "MarkupSafe-2.1.5-cp312-cp312-musllinux_1_1_x86_64.whl", hash = "sha256:58c98fee265677f63a4385256a6d7683ab1832f3ddd1e66fe948d5880c21a169"},
    {file = "MarkupSafe-2.1.5-cp312-cp312-win32.whl", hash = "sha256:8590b4ae07a35970728874632fed7bd57b26b0102df2d2b233b6d9d82f6c62ad"},
    {file = "MarkupSafe-2.1.5-cp312-cp312-win_amd64.whl", hash = "sha256:823b65d8706e32ad2df51ed89496147a42a2a6e01c13cfb6ffb8b1e92bc910bb"},
    {file = "MarkupSafe-2.1.5.tar.gz", hash = "sha256:d283d37a890ba4c1ae73ffadf8046435c76e7bc2247bbb63c00bd1a709c6544b"},
]

[[package]]
name = "mpmath"
version = "1.3.0"
summary = "Python library for arbitrary-precision floating-point arithmetic"
groups = ["default"]
files = [
    {file = "mpmath-1.3.0-py3-none-any.whl", hash = "sha256:a0b2b9fe80bbcd81a6647ff13108738cfb482d481d826cc0e02f5b35e5c88d2c"},
    {file = "mpmath-1.3.0.tar.gz", hash = "sha256:7a28eb2a9774d00c7bc92411c19a89209d5da7c4c9a9e227be8330a23a25b91f"},
]

[[package]]
name = "networkx"
version = "3.2.1"
requires_python = ">=3.9"
summary = "Python package for creating and manipulating graphs and networks"
groups = ["default"]
files = [
    {file = "networkx-3.2.1-py3-none-any.whl", hash = "sha256:f18c69adc97877c42332c170849c96cefa91881c99a7cb3e95b7c659ebdc1ec2"},
    {file = "networkx-3.2.1.tar.gz", hash = "sha256:9f1bb5cf3409bf324e0a722c20bdb4c20ee39bf1c30ce8ae499c8502b0b5e0c6"},
]

[[package]]
name = "r2pipe"
version = "1.8.8"
summary = "Pipe interface for radare2"
groups = ["default"]
files = [
    {file = "r2pipe-1.8.8.tar.gz", hash = "sha256:c003a63b96debf5ce03dc2688aa2a54b86a750a6b2a3c1ec9dc41733e6f57254"},
]

[[package]]
name = "sympy"
version = "1.12"
requires_python = ">=3.8"
summary = "Computer algebra system (CAS) in Python"
groups = ["default"]
dependencies = [
    "mpmath>=0.19",
]
files = [
    {file = "sympy-1.12-py3-none-any.whl", hash = "sha256:c3588cd4295d0c0f603d0f2ae780587e64e2efeedb3521e46b9bb1d08d184fa5"},
    {file = "sympy-1.12.tar.gz", hash = "sha256:ebf595c8dac3e0fdc4152c51878b498396ec7f30e7a914d6071e674d49420fb8"},
]

[[package]]
name = "torch"
version = "2.2.1"
requires_python = ">=3.8.0"
summary = "Tensors and Dynamic neural networks in Python with strong GPU acceleration"
groups = ["default"]
dependencies = [
    "filelock",
    "fsspec",
    "jinja2",
    "networkx",
    "sympy",
    "typing-extensions>=4.8.0",
]
files = [
    {file = "torch-2.2.1+cpu-cp310-cp310-linux_x86_64.whl", hash = "sha256:5d82422cf04797f1b2a8574b64a916070ec83eef58ad4900615ee0218d7b8b8e"},
    {file = "torch-2.2.1+cpu-cp310-cp310-win_amd64.whl", hash = "sha256:f8914dd0f5f0e5c66fdecd9559403eea9feac82d1ea639b672fde0073c6addbd"},
    {file = "torch-2.2.1+cpu-cp311-cp311-linux_x86_64.whl", hash = "sha256:6bc973d5632374b92b4b293817b4d2ff8c8ce1c784c748b471dba1fffcd9c333"},
    {file = "torch-2.2.1+cpu-cp311-cp311-win_amd64.whl", hash = "sha256:abdec34b0ade8fca0520055e72c3094425ae0ef210718e9c0278121cd3608c32"},
    {file = "torch-2.2.1+cpu-cp312-cp312-linux_x86_64.whl", hash = "sha256:d7339580135da4105c1244a8621faa076990409afeab5a7b642c3c1ee70a5622"},
    {file = "torch-2.2.1+cpu-cp312-cp312-win_amd64.whl", hash = "sha256:039128fcb5548122465b15f679b8831c47d14f0d6c28c1f1b631f8019c104720"},
    {file = "torch-2.2.1-cp310-cp310-manylinux1_x86_64.whl", hash = "sha256:8d3bad336dd2c93c6bcb3268e8e9876185bda50ebde325ef211fb565c7d15273"},
    {file = "torch-2.2.1-cp310-cp310-manylinux2014_aarch64.whl", hash = "sha256:5297f13370fdaca05959134b26a06a7f232ae254bf2e11a50eddec62525c9006"},
    {file = "torch-2.2.1-cp310-cp310-manylinux_2_17_aarch64.manylinux2014_aarch64.whl", hash = "sha256:f0183002e18978d598c3ee8919c2e648202c7febb908815156c866c524c4a359"},
    {file = "torch-2.2.1-cp310-cp310-win_amd64.whl", hash = "sha256:5f5dee8433798888ca1415055f5e3faf28a3bad660e4c29e1014acd3275ab11a"},
    {file = "torch-2.2.1-cp310-none-macosx_10_9_x86_64.whl", hash = "sha256:b6d78338acabf1fb2e88bf4559d837d30230cf9c3e4337261f4d83200df1fcbe"},
    {file = "torch-2.2.1-cp310-none-macosx_10_9_x86_64.whl", hash = "sha256:e77d5e7b60a7e1c2345c6482ff876f36a0f043e6be32ef58dac416c4aa0e3b28"},
    {file = "torch-2.2.1-cp310-none-macosx_11_0_arm64.whl", hash = "sha256:52bdec1e22d08382fd98db6d2bf17a294d0fd53260cfd64fb87443492cbac6b4"},
    {file = "torch-2.2.1-cp310-none-macosx_11_0_arm64.whl", hash = "sha256:6ab3ea2e29d1aac962e905142bbe50943758f55292f1b4fdfb6f4792aae3323e"},
    {file = "torch-2.2.1-cp311-cp311-manylinux1_x86_64.whl", hash = "sha256:d86664ec85902967d902e78272e97d1aff1d331f7619d398d3ffab1c9b8e9157"},
    {file = "torch-2.2.1-cp311-cp311-manylinux2014_aarch64.whl", hash = "sha256:d6227060f268894f92c61af0a44c0d8212e19cb98d05c20141c73312d923bc0a"},
    {file = "torch-2.2.1-cp311-cp311-manylinux_2_17_aarch64.manylinux2014_aarch64.whl", hash = "sha256:7f2697416b677996ee1f30b2676a8a94dddbe388a35c361dc86e915bda47b7da"},
    {file = "torch-2.2.1-cp311-cp311-win_amd64.whl", hash = "sha256:77e990af75fb1675490deb374d36e726f84732cd5677d16f19124934b2409ce9"},
    {file = "torch-2.2.1-cp311-none-macosx_10_9_x86_64.whl", hash = "sha256:46085e328d9b738c261f470231e987930f4cc9472d9ffb7087c7a1343826ac51"},
    {file = "torch-2.2.1-cp311-none-macosx_10_9_x86_64.whl", hash = "sha256:96478cf4e73700305979ed1ca76b535536d462f30302a35edd1ceee0c3d807d3"},
    {file = "torch-2.2.1-cp311-none-macosx_11_0_arm64.whl", hash = "sha256:2d9e7e5ecbb002257cf98fae13003abbd620196c35f85c9e34c2adfb961321ec"},
    {file = "torch-2.2.1-cp311-none-macosx_11_0_arm64.whl", hash = "sha256:ccd9849b0dd370a9813ddde47a77f439c8aacce022e4ba0bf9365173d5808096"},
    {file = "torch-2.2.1-cp312-cp312-manylinux1_x86_64.whl", hash = "sha256:ada53aebede1c89570e56861b08d12ba4518a1f8b82d467c32665ec4d1f4b3c8"},
    {file = "torch-2.2.1-cp312-cp312-manylinux2014_aarch64.whl", hash = "sha256:be21d4c41ecebed9e99430dac87de1439a8c7882faf23bba7fea3fea7b906ac1"},
    {file = "torch-2.2.1-cp312-cp312-manylinux_2_17_aarch64.manylinux2014_aarch64.whl", hash = "sha256:3e6fd128c25598c76db32d0bbb850d6f2ee51d1f7f15fc2c91bbd4048155ec01"},
    {file = "torch-2.2.1-cp312-cp312-win_amd64.whl", hash = "sha256:79848f46196750367dcdf1d2132b722180b9d889571e14d579ae82d2f50596c5"},
    {file = "torch-2.2.1-cp312-none-macosx_10_9_x86_64.whl", hash = "sha256:7ee804847be6be0032fbd2d1e6742fea2814c92bebccb177f0d3b8e92b2d2b18"},
    {file = "torch-2.2.1-cp312-none-macosx_10_9_x86_64.whl", hash = "sha256:e4809bda3a3fbb7d5b7d2f78adb5cbda8547a067d96c3a83df44f7096cf7e592"},
    {file = "torch-2.2.1-cp312-none-macosx_11_0_arm64.whl", hash = "sha256:84b2fb322ab091039fdfe74e17442ff046b258eb5e513a28093152c5b07325a7"},
    {file = "torch-2.2.1-cp312-none-macosx_11_0_arm64.whl", hash = "sha256:fd3e7587da162c4c99b6aa251d6116d5f3c13eb953b51e520cf278072cd21daa"},
]

[[package]]
name = "typing-extensions"
version = "4.10.0"
requires_python = ">=3.8"
summary = "Backported and Experimental Type Hints for Python 3.8+"
groups = ["default"]
files = [
    {file = "typing_extensions-4.10.0-py3-none-any.whl", hash = "sha256:69b1a937c3a517342112fb4c6df7e72fc39a38e7891a5730ed4985b5214b5475"},
    {file = "typing_extensions-4.10.0.tar.gz", hash = "sha256:b0abd7c89e8fb96f98db18d86106ff1d90ab692004eb746cf6eda2682f91b3cb"},
]
